
Microsoft Visual Studio Solution File, Format Version 12.00
# Visual Studio Version 16
VisualStudioVersion = 16.0.30204.135
MinimumVisualStudioVersion = 10.0.40219.1
Project("{9A19103F-16F7-4668-BE54-9A1E7A4F7556}") = "DevIO.Business", "src\DevIO.Business\DevIO.Business.csproj", "{3C4A1A0E-8DC6-4D40-AB3F-EFFE776D7A7E}"
EndProject
Project("{9A19103F-16F7-4668-BE54-9A1E7A4F7556}") = "DevIO.Data", "src\DevIO.Data\DevIO.Data.csproj", "{D73E3C11-C25C-4709-91A5-8DE1A210ADFA}"
EndProject
Project("{FAE04EC0-301F-11D3-BF4B-00C04F79EFBC}") = "DevIOApi", "src\DevIOApi\DevIOApi.csproj", "{3D2D2988-6FD6-4801-9265-48D528DA314E}"
EndProject
Global
	GlobalSection(SolutionConfigurationPlatforms) = preSolution
		Debug|Any CPU = Debug|Any CPU
		Release|Any CPU = Release|Any CPU
	EndGlobalSection
	GlobalSection(ProjectConfigurationPlatforms) = postSolution
		{3C4A1A0E-8DC6-4D40-AB3F-EFFE776D7A7E}.Debug|Any CPU.ActiveCfg = Debug|Any CPU
		{3C4A1A0E-8DC6-4D40-AB3F-EFFE776D7A7E}.Debug|Any CPU.Build.0 = Debug|Any CPU
		{3C4A1A0E-8DC6-4D40-AB3F-EFFE776D7A7E}.Release|Any CPU.ActiveCfg = Release|Any CPU
		{3C4A1A0E-8DC6-4D40-AB3F-EFFE776D7A7E}.Release|Any CPU.Build.0 = Release|Any CPU
		{D73E3C11-C25C-4709-91A5-8DE1A210ADFA}.Debug|Any CPU.ActiveCfg = Debug|Any CPU
		{D73E3C11-C25C-4709-91A5-8DE1A210ADFA}.Debug|Any CPU.Build.0 = Debug|Any CPU
		{D73E3C11-C25C-4709-91A5-8DE1A210ADFA}.Release|Any CPU.ActiveCfg = Release|Any CPU
		{D73E3C11-C25C-4709-91A5-8DE1A210ADFA}.Release|Any CPU.Build.0 = Release|Any CPU
		{3D2D2988-6FD6-4801-9265-48D528DA314E}.Debug|Any CPU.ActiveCfg = Debug|Any CPU
		{3D2D2988-6FD6-4801-9265-48D528DA314E}.Debug|Any CPU.Build.0 = Debug|Any CPU
		{3D2D2988-6FD6-4801-9265-48D528DA314E}.Release|Any CPU.ActiveCfg = Release|Any CPU
		{3D2D2988-6FD6-4801-9265-48D528DA314E}.Release|Any CPU.Build.0 = Release|Any CPU
	EndGlobalSection
	GlobalSection(SolutionProperties) = preSolution
		HideSolutionNode = FALSE
	EndGlobalSection
	GlobalSection(ExtensibilityGlobals) = postSolution
		SolutionGuid = {6B5998CB-6F6D-485E-81BC-9BDCA8ECBED8}
	EndGlobalSection
EndGlobal
